
Microsoft Visual Studio Solution File, Format Version 12.00
# Visual Studio Version 17
VisualStudioVersion = 17.5.33516.290
MinimumVisualStudioVersion = 10.0.40219.1
Project("{9A19103F-16F7-4668-BE54-9A1E7A4F7556}") = "App", "App\App.csproj", "{2A34175E-74C9-4E90-809E-A657ED214B38}"
EndProject
Project("{2150E333-8FDC-42A3-9474-1A3956D46DE8}") = "Modules", "Modules", "{41F7A76E-1F3E-4BA0-82FA-3FF1D8D4E9D1}"
EndProject
Project("{9A19103F-16F7-4668-BE54-9A1E7A4F7556}") = "Core", "Core\Core.csproj", "{6C785DAD-4A4D-42E5-8CCD-C6E4856E8D85}"
EndProject
Project("{2150E333-8FDC-42A3-9474-1A3956D46DE8}") = "Services", "Services", "{F601B3EC-079D-49C4-9124-D96B68CF1C54}"
EndProject
Project("{9A19103F-16F7-4668-BE54-9A1E7A4F7556}") = "ClipService", "Services\ClipService\ClipService.csproj", "{4BECFE46-77BE-4FC1-936C-ED0677428D53}"
EndProject
Project("{9A19103F-16F7-4668-BE54-9A1E7A4F7556}") = "WebService", "Services\WebService\WebService.csproj", "{63DF460C-ED39-4CCD-935A-EA0E7C2D6FF9}"
EndProject
Project("{9A19103F-16F7-4668-BE54-9A1E7A4F7556}") = "InputService", "Services\InputService\InputService.csproj", "{DE92599F-34F9-4241-A42D-77AC019ADF15}"
EndProject
Project("{9A19103F-16F7-4668-BE54-9A1E7A4F7556}") = "SampleService", "Services\SampleService\SampleService.csproj", "{C0F02014-BEAD-40D1-B168-7B8D961FEB92}"
EndProject
Project("{9A19103F-16F7-4668-BE54-9A1E7A4F7556}") = "ScoreboardService", "Services\ScoreboardService\ScoreboardService.csproj", "{2EB9B18F-77F4-4403-80D6-FA1D0E60A434}"
EndProject
Project("{9A19103F-16F7-4668-BE54-9A1E7A4F7556}") = "TemplateService", "Services\TemplateService\TemplateService.csproj", "{DF539885-0EC6-4A34-9765-F272BCBF9790}"
EndProject
Project("{9A19103F-16F7-4668-BE54-9A1E7A4F7556}") = "VideoService", "Services\VideoService\VideoService.csproj", "{2A45DAE5-36E0-4475-A538-B627D3232CF6}"
EndProject
Project("{9A19103F-16F7-4668-BE54-9A1E7A4F7556}") = "DispatcherService", "Services\DispatcherService\DispatcherService.csproj", "{16985101-54B1-4889-9834-4504BFC58D9C}"
EndProject
Project("{9A19103F-16F7-4668-BE54-9A1E7A4F7556}") = "ScoreboardModule", "Modules\ScoreboardModule\ScoreboardModule.csproj", "{EAD62166-B9C3-4FD2-A774-BF7A2D9C58D4}"
EndProject
Project("{9A19103F-16F7-4668-BE54-9A1E7A4F7556}") = "MenuModule", "Modules\MenuModule\MenuModule.csproj", "{6386E538-6C8A-4A17-9DF6-734AB86296DB}"
EndProject
Project("{9A19103F-16F7-4668-BE54-9A1E7A4F7556}") = "VideoModule", "Modules\VideoModule\VideoModule.csproj", "{219620AB-B41E-4525-88C5-896461F0ED83}"
EndProject
Project("{9A19103F-16F7-4668-BE54-9A1E7A4F7556}") = "ClipModule", "Modules\ClipModule\ClipModule.csproj", "{DAF03EAC-5D90-44AF-A404-20E1CA4BFCC7}"
EndProject
Project("{9A19103F-16F7-4668-BE54-9A1E7A4F7556}") = "TemplateModule", "Modules\TemplateModule\TemplateModule.csproj", "{50312892-5F31-40C3-A4C7-339D0C0BC30E}"
EndProject
Project("{9A19103F-16F7-4668-BE54-9A1E7A4F7556}") = "MessageBoxService", "Services\MessageBoxService\MessageBoxService.csproj", "{29C1632E-F751-4379-B587-3BEE8AB8F189}"
EndProject
Project("{9A19103F-16F7-4668-BE54-9A1E7A4F7556}") = "SettingsService", "Services\SettingsService\SettingsService.csproj", "{E1D9727F-972E-41B4-89C0-14FAC06E3B26}"
EndProject
Project("{2150E333-8FDC-42A3-9474-1A3956D46DE8}") = "Additionals", "Additionals", "{09E7315B-A607-411D-8A0C-BE0CBF4107F3}"
	ProjectSection(SolutionItems) = preProject
		Additionals\ChangeLog.md = Additionals\ChangeLog.md
		README.md = README.md
	EndProjectSection
EndProject
Project("{9A19103F-16F7-4668-BE54-9A1E7A4F7556}") = "RecognitionService", "Services\RecognitionService\RecognitionService.csproj", "{7C654480-BED9-46ED-B04D-C93C942BD44D}"
EndProject
Project("{9A19103F-16F7-4668-BE54-9A1E7A4F7556}") = "ServiceTests", "Tests\ServiceTests\ServiceTests.csproj", "{B0A944A4-BFD1-485B-B666-40C1D7C18F94}"
EndProject
Project("{2150E333-8FDC-42A3-9474-1A3956D46DE8}") = "Tests", "Tests", "{E7341DB7-78A0-4DC7-8E17-2395D401493A}"
EndProject
Global
	GlobalSection(SolutionConfigurationPlatforms) = preSolution
		Debug|Any CPU = Debug|Any CPU
		Release|Any CPU = Release|Any CPU
	EndGlobalSection
	GlobalSection(ProjectConfigurationPlatforms) = postSolution
		{2A34175E-74C9-4E90-809E-A657ED214B38}.Debug|Any CPU.ActiveCfg = Debug|Any CPU
		{2A34175E-74C9-4E90-809E-A657ED214B38}.Debug|Any CPU.Build.0 = Debug|Any CPU
		{2A34175E-74C9-4E90-809E-A657ED214B38}.Release|Any CPU.ActiveCfg = Release|Any CPU
		{2A34175E-74C9-4E90-809E-A657ED214B38}.Release|Any CPU.Build.0 = Release|Any CPU
		{6C785DAD-4A4D-42E5-8CCD-C6E4856E8D85}.Debug|Any CPU.ActiveCfg = Debug|Any CPU
		{6C785DAD-4A4D-42E5-8CCD-C6E4856E8D85}.Debug|Any CPU.Build.0 = Debug|Any CPU
		{6C785DAD-4A4D-42E5-8CCD-C6E4856E8D85}.Release|Any CPU.ActiveCfg = Release|Any CPU
		{6C785DAD-4A4D-42E5-8CCD-C6E4856E8D85}.Release|Any CPU.Build.0 = Release|Any CPU
		{4BECFE46-77BE-4FC1-936C-ED0677428D53}.Debug|Any CPU.ActiveCfg = Debug|Any CPU
		{4BECFE46-77BE-4FC1-936C-ED0677428D53}.Debug|Any CPU.Build.0 = Debug|Any CPU
		{4BECFE46-77BE-4FC1-936C-ED0677428D53}.Release|Any CPU.ActiveCfg = Release|Any CPU
		{4BECFE46-77BE-4FC1-936C-ED0677428D53}.Release|Any CPU.Build.0 = Release|Any CPU
		{63DF460C-ED39-4CCD-935A-EA0E7C2D6FF9}.Debug|Any CPU.ActiveCfg = Debug|Any CPU
		{63DF460C-ED39-4CCD-935A-EA0E7C2D6FF9}.Debug|Any CPU.Build.0 = Debug|Any CPU
		{63DF460C-ED39-4CCD-935A-EA0E7C2D6FF9}.Release|Any CPU.ActiveCfg = Release|Any CPU
		{63DF460C-ED39-4CCD-935A-EA0E7C2D6FF9}.Release|Any CPU.Build.0 = Release|Any CPU
		{DE92599F-34F9-4241-A42D-77AC019ADF15}.Debug|Any CPU.ActiveCfg = Debug|Any CPU
		{DE92599F-34F9-4241-A42D-77AC019ADF15}.Debug|Any CPU.Build.0 = Debug|Any CPU
		{DE92599F-34F9-4241-A42D-77AC019ADF15}.Release|Any CPU.ActiveCfg = Release|Any CPU
		{DE92599F-34F9-4241-A42D-77AC019ADF15}.Release|Any CPU.Build.0 = Release|Any CPU
		{C0F02014-BEAD-40D1-B168-7B8D961FEB92}.Debug|Any CPU.ActiveCfg = Debug|Any CPU
		{C0F02014-BEAD-40D1-B168-7B8D961FEB92}.Debug|Any CPU.Build.0 = Debug|Any CPU
		{C0F02014-BEAD-40D1-B168-7B8D961FEB92}.Release|Any CPU.ActiveCfg = Release|Any CPU
		{C0F02014-BEAD-40D1-B168-7B8D961FEB92}.Release|Any CPU.Build.0 = Release|Any CPU
		{2EB9B18F-77F4-4403-80D6-FA1D0E60A434}.Debug|Any CPU.ActiveCfg = Debug|Any CPU
		{2EB9B18F-77F4-4403-80D6-FA1D0E60A434}.Debug|Any CPU.Build.0 = Debug|Any CPU
		{2EB9B18F-77F4-4403-80D6-FA1D0E60A434}.Release|Any CPU.ActiveCfg = Release|Any CPU
		{2EB9B18F-77F4-4403-80D6-FA1D0E60A434}.Release|Any CPU.Build.0 = Release|Any CPU
		{DF539885-0EC6-4A34-9765-F272BCBF9790}.Debug|Any CPU.ActiveCfg = Debug|Any CPU
		{DF539885-0EC6-4A34-9765-F272BCBF9790}.Debug|Any CPU.Build.0 = Debug|Any CPU
		{DF539885-0EC6-4A34-9765-F272BCBF9790}.Release|Any CPU.ActiveCfg = Release|Any CPU
		{DF539885-0EC6-4A34-9765-F272BCBF9790}.Release|Any CPU.Build.0 = Release|Any CPU
		{2A45DAE5-36E0-4475-A538-B627D3232CF6}.Debug|Any CPU.ActiveCfg = Debug|Any CPU
		{2A45DAE5-36E0-4475-A538-B627D3232CF6}.Debug|Any CPU.Build.0 = Debug|Any CPU
		{2A45DAE5-36E0-4475-A538-B627D3232CF6}.Release|Any CPU.ActiveCfg = Release|Any CPU
		{2A45DAE5-36E0-4475-A538-B627D3232CF6}.Release|Any CPU.Build.0 = Release|Any CPU
		{16985101-54B1-4889-9834-4504BFC58D9C}.Debug|Any CPU.ActiveCfg = Debug|Any CPU
		{16985101-54B1-4889-9834-4504BFC58D9C}.Debug|Any CPU.Build.0 = Debug|Any CPU
		{16985101-54B1-4889-9834-4504BFC58D9C}.Release|Any CPU.ActiveCfg = Release|Any CPU
		{16985101-54B1-4889-9834-4504BFC58D9C}.Release|Any CPU.Build.0 = Release|Any CPU
		{EAD62166-B9C3-4FD2-A774-BF7A2D9C58D4}.Debug|Any CPU.ActiveCfg = Debug|Any CPU
		{EAD62166-B9C3-4FD2-A774-BF7A2D9C58D4}.Debug|Any CPU.Build.0 = Debug|Any CPU
		{EAD62166-B9C3-4FD2-A774-BF7A2D9C58D4}.Release|Any CPU.ActiveCfg = Release|Any CPU
		{EAD62166-B9C3-4FD2-A774-BF7A2D9C58D4}.Release|Any CPU.Build.0 = Release|Any CPU
		{6386E538-6C8A-4A17-9DF6-734AB86296DB}.Debug|Any CPU.ActiveCfg = Debug|Any CPU
		{6386E538-6C8A-4A17-9DF6-734AB86296DB}.Debug|Any CPU.Build.0 = Debug|Any CPU
		{6386E538-6C8A-4A17-9DF6-734AB86296DB}.Release|Any CPU.ActiveCfg = Release|Any CPU
		{6386E538-6C8A-4A17-9DF6-734AB86296DB}.Release|Any CPU.Build.0 = Release|Any CPU
		{219620AB-B41E-4525-88C5-896461F0ED83}.Debug|Any CPU.ActiveCfg = Debug|Any CPU
		{219620AB-B41E-4525-88C5-896461F0ED83}.Debug|Any CPU.Build.0 = Debug|Any CPU
		{219620AB-B41E-4525-88C5-896461F0ED83}.Release|Any CPU.ActiveCfg = Release|Any CPU
		{219620AB-B41E-4525-88C5-896461F0ED83}.Release|Any CPU.Build.0 = Release|Any CPU
		{DAF03EAC-5D90-44AF-A404-20E1CA4BFCC7}.Debug|Any CPU.ActiveCfg = Debug|Any CPU
		{DAF03EAC-5D90-44AF-A404-20E1CA4BFCC7}.Debug|Any CPU.Build.0 = Debug|Any CPU
		{DAF03EAC-5D90-44AF-A404-20E1CA4BFCC7}.Release|Any CPU.ActiveCfg = Release|Any CPU
		{DAF03EAC-5D90-44AF-A404-20E1CA4BFCC7}.Release|Any CPU.Build.0 = Release|Any CPU
		{50312892-5F31-40C3-A4C7-339D0C0BC30E}.Debug|Any CPU.ActiveCfg = Debug|Any CPU
		{50312892-5F31-40C3-A4C7-339D0C0BC30E}.Debug|Any CPU.Build.0 = Debug|Any CPU
		{50312892-5F31-40C3-A4C7-339D0C0BC30E}.Release|Any CPU.ActiveCfg = Release|Any CPU
		{50312892-5F31-40C3-A4C7-339D0C0BC30E}.Release|Any CPU.Build.0 = Release|Any CPU
		{29C1632E-F751-4379-B587-3BEE8AB8F189}.Debug|Any CPU.ActiveCfg = Debug|Any CPU
		{29C1632E-F751-4379-B587-3BEE8AB8F189}.Debug|Any CPU.Build.0 = Debug|Any CPU
		{29C1632E-F751-4379-B587-3BEE8AB8F189}.Release|Any CPU.ActiveCfg = Release|Any CPU
		{29C1632E-F751-4379-B587-3BEE8AB8F189}.Release|Any CPU.Build.0 = Release|Any CPU
		{E1D9727F-972E-41B4-89C0-14FAC06E3B26}.Debug|Any CPU.ActiveCfg = Debug|Any CPU
		{E1D9727F-972E-41B4-89C0-14FAC06E3B26}.Debug|Any CPU.Build.0 = Debug|Any CPU
		{E1D9727F-972E-41B4-89C0-14FAC06E3B26}.Release|Any CPU.ActiveCfg = Release|Any CPU
		{E1D9727F-972E-41B4-89C0-14FAC06E3B26}.Release|Any CPU.Build.0 = Release|Any CPU
		{7C654480-BED9-46ED-B04D-C93C942BD44D}.Debug|Any CPU.ActiveCfg = Debug|Any CPU
		{7C654480-BED9-46ED-B04D-C93C942BD44D}.Debug|Any CPU.Build.0 = Debug|Any CPU
		{7C654480-BED9-46ED-B04D-C93C942BD44D}.Release|Any CPU.ActiveCfg = Release|Any CPU
		{7C654480-BED9-46ED-B04D-C93C942BD44D}.Release|Any CPU.Build.0 = Release|Any CPU
		{B0A944A4-BFD1-485B-B666-40C1D7C18F94}.Debug|Any CPU.ActiveCfg = Debug|Any CPU
		{B0A944A4-BFD1-485B-B666-40C1D7C18F94}.Debug|Any CPU.Build.0 = Debug|Any CPU
		{B0A944A4-BFD1-485B-B666-40C1D7C18F94}.Release|Any CPU.ActiveCfg = Release|Any CPU
		{B0A944A4-BFD1-485B-B666-40C1D7C18F94}.Release|Any CPU.Build.0 = Release|Any CPU
	EndGlobalSection
	GlobalSection(SolutionProperties) = preSolution
		HideSolutionNode = FALSE
	EndGlobalSection
	GlobalSection(NestedProjects) = preSolution
		{4BECFE46-77BE-4FC1-936C-ED0677428D53} = {F601B3EC-079D-49C4-9124-D96B68CF1C54}
		{63DF460C-ED39-4CCD-935A-EA0E7C2D6FF9} = {F601B3EC-079D-49C4-9124-D96B68CF1C54}
		{DE92599F-34F9-4241-A42D-77AC019ADF15} = {F601B3EC-079D-49C4-9124-D96B68CF1C54}
		{C0F02014-BEAD-40D1-B168-7B8D961FEB92} = {F601B3EC-079D-49C4-9124-D96B68CF1C54}
		{2EB9B18F-77F4-4403-80D6-FA1D0E60A434} = {F601B3EC-079D-49C4-9124-D96B68CF1C54}
		{DF539885-0EC6-4A34-9765-F272BCBF9790} = {F601B3EC-079D-49C4-9124-D96B68CF1C54}
		{2A45DAE5-36E0-4475-A538-B627D3232CF6} = {F601B3EC-079D-49C4-9124-D96B68CF1C54}
		{16985101-54B1-4889-9834-4504BFC58D9C} = {F601B3EC-079D-49C4-9124-D96B68CF1C54}
		{EAD62166-B9C3-4FD2-A774-BF7A2D9C58D4} = {41F7A76E-1F3E-4BA0-82FA-3FF1D8D4E9D1}
		{6386E538-6C8A-4A17-9DF6-734AB86296DB} = {41F7A76E-1F3E-4BA0-82FA-3FF1D8D4E9D1}
		{219620AB-B41E-4525-88C5-896461F0ED83} = {41F7A76E-1F3E-4BA0-82FA-3FF1D8D4E9D1}
		{DAF03EAC-5D90-44AF-A404-20E1CA4BFCC7} = {41F7A76E-1F3E-4BA0-82FA-3FF1D8D4E9D1}
		{50312892-5F31-40C3-A4C7-339D0C0BC30E} = {41F7A76E-1F3E-4BA0-82FA-3FF1D8D4E9D1}
		{29C1632E-F751-4379-B587-3BEE8AB8F189} = {F601B3EC-079D-49C4-9124-D96B68CF1C54}
		{E1D9727F-972E-41B4-89C0-14FAC06E3B26} = {F601B3EC-079D-49C4-9124-D96B68CF1C54}
		{7C654480-BED9-46ED-B04D-C93C942BD44D} = {F601B3EC-079D-49C4-9124-D96B68CF1C54}
		{B0A944A4-BFD1-485B-B666-40C1D7C18F94} = {E7341DB7-78A0-4DC7-8E17-2395D401493A}
	EndGlobalSection
	GlobalSection(ExtensibilityGlobals) = postSolution
		SolutionGuid = {426EBDEF-973C-4F65-AA08-27BB71AC16B7}
	EndGlobalSection
EndGlobal
